
Microsoft Visual Studio Solution File, Format Version 12.00
# Visual Studio Version 16
VisualStudioVersion = 16.0.30114.105
MinimumVisualStudioVersion = 10.0.40219.1
Project("{FAE04EC0-301F-11D3-BF4B-00C04F79EFBC}") = "Arango.Client", "Arango.Client\Arango.Client.csproj", "{B515EA03-CABC-4E08-96EB-BE1A79F7F40C}"
EndProject
Project("{FAE04EC0-301F-11D3-BF4B-00C04F79EFBC}") = "Arango.Tests", "Arango.Tests\Arango.Tests.csproj", "{9EEF69E7-7044-42CA-9EBD-0236D1C9FD21}"
EndProject
Global
	GlobalSection(SolutionConfigurationPlatforms) = preSolution
		Debug|Any CPU = Debug|Any CPU
		Release|Any CPU = Release|Any CPU
	EndGlobalSection
	GlobalSection(ProjectConfigurationPlatforms) = postSolution
		{B515EA03-CABC-4E08-96EB-BE1A79F7F40C}.Debug|Any CPU.ActiveCfg = Debug|Any CPU
		{B515EA03-CABC-4E08-96EB-BE1A79F7F40C}.Debug|Any CPU.Build.0 = Debug|Any CPU
		{B515EA03-CABC-4E08-96EB-BE1A79F7F40C}.Release|Any CPU.ActiveCfg = Release|Any CPU
		{B515EA03-CABC-4E08-96EB-BE1A79F7F40C}.Release|Any CPU.Build.0 = Release|Any CPU
		{9EEF69E7-7044-42CA-9EBD-0236D1C9FD21}.Debug|Any CPU.ActiveCfg = Debug|Any CPU
		{9EEF69E7-7044-42CA-9EBD-0236D1C9FD21}.Debug|Any CPU.Build.0 = Debug|Any CPU
		{9EEF69E7-7044-42CA-9EBD-0236D1C9FD21}.Release|Any CPU.ActiveCfg = Release|Any CPU
		{9EEF69E7-7044-42CA-9EBD-0236D1C9FD21}.Release|Any CPU.Build.0 = Release|Any CPU
	EndGlobalSection
	GlobalSection(SolutionProperties) = preSolution
		HideSolutionNode = FALSE
	EndGlobalSection
	GlobalSection(ExtensibilityGlobals) = postSolution
		SolutionGuid = {FD527DCC-FB51-41DB-B8DD-258F0856A3CD}
	EndGlobalSection
EndGlobal
